
Microsoft Visual Studio Solution File, Format Version 12.00
# Visual Studio Version 17
VisualStudioVersion = 17.13.35931.197
MinimumVisualStudioVersion = 10.0.40219.1
Project("{FAE04EC0-301F-11D3-BF4B-00C04F79EFBC}") = "MovieCampaignMetrics.Server", "MovieCampaignMetrics.Server\MovieCampaignMetrics.Server.csproj", "{4DA80736-B9A3-413D-8A6F-E7D7E52A6CCA}"
EndProject
Project("{FAE04EC0-301F-11D3-BF4B-00C04F79EFBC}") = "MovieCampaignMetrics.Shared", "MovieCampaignMetrics.Shared\MovieCampaignMetrics.Shared.csproj", "{5AFBEB93-1052-4F00-8B35-6B2E7E433DEA}"
EndProject
Project("{FAE04EC0-301F-11D3-BF4B-00C04F79EFBC}") = "MovieCampaignMetrics.Client", "MovieCampaignMetrics.Client\MovieCampaignMetrics.Client.csproj", "{90477C5E-E5AD-4127-8CF7-BE7CA82D488F}"
EndProject
Global
	GlobalSection(SolutionConfigurationPlatforms) = preSolution
		Debug|Any CPU = Debug|Any CPU
		Release|Any CPU = Release|Any CPU
	EndGlobalSection
	GlobalSection(ProjectConfigurationPlatforms) = postSolution
		{4DA80736-B9A3-413D-8A6F-E7D7E52A6CCA}.Debug|Any CPU.ActiveCfg = Debug|Any CPU
		{4DA80736-B9A3-413D-8A6F-E7D7E52A6CCA}.Debug|Any CPU.Build.0 = Debug|Any CPU
		{4DA80736-B9A3-413D-8A6F-E7D7E52A6CCA}.Release|Any CPU.ActiveCfg = Release|Any CPU
		{4DA80736-B9A3-413D-8A6F-E7D7E52A6CCA}.Release|Any CPU.Build.0 = Release|Any CPU
		{5AFBEB93-1052-4F00-8B35-6B2E7E433DEA}.Debug|Any CPU.ActiveCfg = Debug|Any CPU
		{5AFBEB93-1052-4F00-8B35-6B2E7E433DEA}.Debug|Any CPU.Build.0 = Debug|Any CPU
		{5AFBEB93-1052-4F00-8B35-6B2E7E433DEA}.Release|Any CPU.ActiveCfg = Release|Any CPU
		{5AFBEB93-1052-4F00-8B35-6B2E7E433DEA}.Release|Any CPU.Build.0 = Release|Any CPU
		{90477C5E-E5AD-4127-8CF7-BE7CA82D488F}.Debug|Any CPU.ActiveCfg = Debug|Any CPU
		{90477C5E-E5AD-4127-8CF7-BE7CA82D488F}.Debug|Any CPU.Build.0 = Debug|Any CPU
		{90477C5E-E5AD-4127-8CF7-BE7CA82D488F}.Release|Any CPU.ActiveCfg = Release|Any CPU
		{90477C5E-E5AD-4127-8CF7-BE7CA82D488F}.Release|Any CPU.Build.0 = Release|Any CPU
	EndGlobalSection
	GlobalSection(SolutionProperties) = preSolution
		HideSolutionNode = FALSE
	EndGlobalSection
	GlobalSection(ExtensibilityGlobals) = postSolution
		SolutionGuid = {D9654D55-E682-4BBA-B29F-8D204660F769}
	EndGlobalSection
EndGlobal
